
Microsoft Visual Studio Solution File, Format Version 12.00
# Visual Studio Version 17
VisualStudioVersion = 17.4.33122.133
MinimumVisualStudioVersion = 10.0.40219.1
Project("{FAE04EC0-301F-11D3-BF4B-00C04F79EFBC}") = "WPFFilters", "WPFFilters.csproj", "{B48C208F-B765-491C-93E5-45DB44F91522}"
EndProject
Global
	GlobalSection(SolutionConfigurationPlatforms) = preSolution
		Debug|Any CPU = Debug|Any CPU
		Release|Any CPU = Release|Any CPU
	EndGlobalSection
	GlobalSection(ProjectConfigurationPlatforms) = postSolution
		{B48C208F-B765-491C-93E5-45DB44F91522}.Debug|Any CPU.ActiveCfg = Debug|Any CPU
		{B48C208F-B765-491C-93E5-45DB44F91522}.Debug|Any CPU.Build.0 = Debug|Any CPU
		{B48C208F-B765-491C-93E5-45DB44F91522}.Release|Any CPU.ActiveCfg = Release|Any CPU
		{B48C208F-B765-491C-93E5-45DB44F91522}.Release|Any CPU.Build.0 = Release|Any CPU
	EndGlobalSection
	GlobalSection(SolutionProperties) = preSolution
		HideSolutionNode = FALSE
	EndGlobalSection
	GlobalSection(ExtensibilityGlobals) = postSolution
		SolutionGuid = {7B9D0A39-6EF6-4CEC-9F33-A6F369F83176}
	EndGlobalSection
EndGlobal
